
Microsoft Visual Studio Solution File, Format Version 12.00
# Visual Studio Version 17
VisualStudioVersion = 17.0.31903.59
MinimumVisualStudioVersion = 10.0.40219.1
Project("{2150E333-8FDC-42A3-9474-1A3956D46DE8}") = "src", "src", "{A97A0290-E83C-41E2-9298-C847F4D30C32}"
EndProject
Project("{FAE04EC0-301F-11D3-BF4B-00C04F79EFBC}") = "Bananagrams.Api", "src\Bananagrams.Api\Bananagrams.Api.csproj", "{91EEC3B2-7001-4ACB-BC26-A467677BBBBC}"
EndProject
Project("{FAE04EC0-301F-11D3-BF4B-00C04F79EFBC}") = "Bananagrams.Dal", "src\Bananagrams.Dal\Bananagrams.Dal.csproj", "{070B79E6-42B5-40BB-867A-9624153F2D0C}"
EndProject
Global
	GlobalSection(SolutionConfigurationPlatforms) = preSolution
		Debug|Any CPU = Debug|Any CPU
		Release|Any CPU = Release|Any CPU
	EndGlobalSection
	GlobalSection(SolutionProperties) = preSolution
		HideSolutionNode = FALSE
	EndGlobalSection
	GlobalSection(ProjectConfigurationPlatforms) = postSolution
		{91EEC3B2-7001-4ACB-BC26-A467677BBBBC}.Debug|Any CPU.ActiveCfg = Debug|Any CPU
		{91EEC3B2-7001-4ACB-BC26-A467677BBBBC}.Debug|Any CPU.Build.0 = Debug|Any CPU
		{91EEC3B2-7001-4ACB-BC26-A467677BBBBC}.Release|Any CPU.ActiveCfg = Release|Any CPU
		{91EEC3B2-7001-4ACB-BC26-A467677BBBBC}.Release|Any CPU.Build.0 = Release|Any CPU
		{070B79E6-42B5-40BB-867A-9624153F2D0C}.Debug|Any CPU.ActiveCfg = Debug|Any CPU
		{070B79E6-42B5-40BB-867A-9624153F2D0C}.Debug|Any CPU.Build.0 = Debug|Any CPU
		{070B79E6-42B5-40BB-867A-9624153F2D0C}.Release|Any CPU.ActiveCfg = Release|Any CPU
		{070B79E6-42B5-40BB-867A-9624153F2D0C}.Release|Any CPU.Build.0 = Release|Any CPU
	EndGlobalSection
	GlobalSection(NestedProjects) = preSolution
		{91EEC3B2-7001-4ACB-BC26-A467677BBBBC} = {A97A0290-E83C-41E2-9298-C847F4D30C32}
		{070B79E6-42B5-40BB-867A-9624153F2D0C} = {A97A0290-E83C-41E2-9298-C847F4D30C32}
	EndGlobalSection
EndGlobal
